// !$*UTF8*$!
{
	archiveVersion = 1;
	classes = {
	};
	objectVersion = 50;
	objects = {

/* Begin PBXBuildFile section */
		1140158320DB9B3800F66CCC /* AppDelegate.swift in Sources */ = {isa = PBXBuildFile; fileRef = 1140158220DB9B3800F66CCC /* AppDelegate.swift */; };
		1140158520DB9B3800F66CCC /* ViewController.swift in Sources */ = {isa = PBXBuildFile; fileRef = 1140158420DB9B3800F66CCC /* ViewController.swift */; };
		1140158820DB9B3800F66CCC /* Main.storyboard in Resources */ = {isa = PBXBuildFile; fileRef = 1140158620DB9B3800F66CCC /* Main.storyboard */; };
		1140158A20DB9B3900F66CCC /* Assets.xcassets in Resources */ = {isa = PBXBuildFile; fileRef = 1140158920DB9B3900F66CCC /* Assets.xcassets */; };
		1140158D20DB9B3900F66CCC /* LaunchScreen.storyboard in Resources */ = {isa = PBXBuildFile; fileRef = 1140158B20DB9B3900F66CCC /* LaunchScreen.storyboard */; };
		1140159620DB9B9300F66CCC /* Storage.swift in Sources */ = {isa = PBXBuildFile; fileRef = 1140159520DB9B9300F66CCC /* Storage.swift */; };
		1140159920DBA05B00F66CCC /* Configuration.swift in Sources */ = {isa = PBXBuildFile; fileRef = 1140159820DBA05B00F66CCC /* Configuration.swift */; };
		1140159B20DBA1A600F66CCC /* LocationHelper.swift in Sources */ = {isa = PBXBuildFile; fileRef = 1140159A20DBA1A600F66CCC /* LocationHelper.swift */; };
		1140159D20DBAE6C00F66CCC /* NetworkManager.swift in Sources */ = {isa = PBXBuildFile; fileRef = 1140159C20DBAE6C00F66CCC /* NetworkManager.swift */; };
		1140159F20DBAEBC00F66CCC /* NetworkResponse.swift in Sources */ = {isa = PBXBuildFile; fileRef = 1140159E20DBAEBC00F66CCC /* NetworkResponse.swift */; };
		114015A120DBAF0500F66CCC /* NetworkError.swift in Sources */ = {isa = PBXBuildFile; fileRef = 114015A020DBAF0500F66CCC /* NetworkError.swift */; };
		114015A320DBAF4300F66CCC /* RequestBuilder.swift in Sources */ = {isa = PBXBuildFile; fileRef = 114015A220DBAF4300F66CCC /* RequestBuilder.swift */; };
		114015A720DBF2C000F66CCC /* PointMap.xcdatamodeld in Sources */ = {isa = PBXBuildFile; fileRef = 114015A520DBF2C000F66CCC /* PointMap.xcdatamodeld */; };
		114015A920DC04F000F66CCC /* CoreDataStack.swift in Sources */ = {isa = PBXBuildFile; fileRef = 114015A820DC04F000F66CCC /* CoreDataStack.swift */; };
		114015AB20DC11BE00F66CCC /* Point.swift in Sources */ = {isa = PBXBuildFile; fileRef = 114015AA20DC11BE00F66CCC /* Point.swift */; };
		114015AF20DC32D600F66CCC /* LoadedArea.swift in Sources */ = {isa = PBXBuildFile; fileRef = 114015AE20DC32D500F66CCC /* LoadedArea.swift */; };
		114015B220DC3A9B00F66CCC /* CLLocationCoordinate2D+Serialize.swift in Sources */ = {isa = PBXBuildFile; fileRef = 114015B120DC3A9B00F66CCC /* CLLocationCoordinate2D+Serialize.swift */; };
		114015B820DC3E1800F66CCC /* AnnotationProvider.swift in Sources */ = {isa = PBXBuildFile; fileRef = 114015B720DC3E1800F66CCC /* AnnotationProvider.swift */; };
		114015BA20DC3F3D00F66CCC /* Annotation.swift in Sources */ = {isa = PBXBuildFile; fileRef = 114015B920DC3F3D00F66CCC /* Annotation.swift */; };
		114015BE20DC42E000F66CCC /* PointsLoader.swift in Sources */ = {isa = PBXBuildFile; fileRef = 114015BD20DC42E000F66CCC /* PointsLoader.swift */; };
		114015C020DC435F00F66CCC /* APIRouter.swift in Sources */ = {isa = PBXBuildFile; fileRef = 114015BF20DC435F00F66CCC /* APIRouter.swift */; };
		114015C220DC4DDF00F66CCC /* CacheValidator.swift in Sources */ = {isa = PBXBuildFile; fileRef = 114015C120DC4DDF00F66CCC /* CacheValidator.swift */; };
		114015C820DC5E7D00F66CCC /* APIModel.swift in Sources */ = {isa = PBXBuildFile; fileRef = 114015C720DC5E7D00F66CCC /* APIModel.swift */; };
		114015CA20DC646400F66CCC /* PointsSyncer.swift in Sources */ = {isa = PBXBuildFile; fileRef = 114015C920DC646300F66CCC /* PointsSyncer.swift */; };
		114015CF20DC845A00F66CCC /* ImageLoader.swift in Sources */ = {isa = PBXBuildFile; fileRef = 114015CE20DC845A00F66CCC /* ImageLoader.swift */; };
		114015D120DC855E00F66CCC /* ImageRequestBuilder.swift in Sources */ = {isa = PBXBuildFile; fileRef = 114015D020DC855E00F66CCC /* ImageRequestBuilder.swift */; };
		114015D520DCD28600F66CCC /* readme.md in Resources */ = {isa = PBXBuildFile; fileRef = 114015D420DCD28600F66CCC /* readme.md */; };
/* End PBXBuildFile section */

/* Begin PBXFileReference section */
		1140157F20DB9B3800F66CCC /* PointMap.app */ = {isa = PBXFileReference; explicitFileType = wrapper.application; includeInIndex = 0; path = PointMap.app; sourceTree = BUILT_PRODUCTS_DIR; };
		1140158220DB9B3800F66CCC /* AppDelegate.swift */ = {isa = PBXFileReference; lastKnownFileType = sourcecode.swift; path = AppDelegate.swift; sourceTree = "<group>"; };
		1140158420DB9B3800F66CCC /* ViewController.swift */ = {isa = PBXFileReference; lastKnownFileType = sourcecode.swift; path = ViewController.swift; sourceTree = "<group>"; };
		1140158720DB9B3800F66CCC /* Base */ = {isa = PBXFileReference; lastKnownFileType = file.storyboard; name = Base; path = Base.lproj/Main.storyboard; sourceTree = "<group>"; };
		1140158920DB9B3900F66CCC /* Assets.xcassets */ = {isa = PBXFileReference; lastKnownFileType = folder.assetcatalog; path = Assets.xcassets; sourceTree = "<group>"; };
		1140158C20DB9B3900F66CCC /* Base */ = {isa = PBXFileReference; lastKnownFileType = file.storyboard; name = Base; path = Base.lproj/LaunchScreen.storyboard; sourceTree = "<group>"; };
		1140158E20DB9B3900F66CCC /* Info.plist */ = {isa = PBXFileReference; lastKnownFileType = text.plist.xml; path = Info.plist; sourceTree = "<group>"; };
		1140159520DB9B9300F66CCC /* Storage.swift */ = {isa = PBXFileReference; lastKnownFileType = sourcecode.swift; path = Storage.swift; sourceTree = "<group>"; };
		1140159820DBA05B00F66CCC /* Configuration.swift */ = {isa = PBXFileReference; lastKnownFileType = sourcecode.swift; path = Configuration.swift; sourceTree = "<group>"; };
		1140159A20DBA1A600F66CCC /* LocationHelper.swift */ = {isa = PBXFileReference; lastKnownFileType = sourcecode.swift; path = LocationHelper.swift; sourceTree = "<group>"; };
		1140159C20DBAE6C00F66CCC /* NetworkManager.swift */ = {isa = PBXFileReference; lastKnownFileType = sourcecode.swift; path = NetworkManager.swift; sourceTree = "<group>"; };
		1140159E20DBAEBC00F66CCC /* NetworkResponse.swift */ = {isa = PBXFileReference; lastKnownFileType = sourcecode.swift; path = NetworkResponse.swift; sourceTree = "<group>"; };
		114015A020DBAF0500F66CCC /* NetworkError.swift */ = {isa = PBXFileReference; lastKnownFileType = sourcecode.swift; path = NetworkError.swift; sourceTree = "<group>"; };
		114015A220DBAF4300F66CCC /* RequestBuilder.swift */ = {isa = PBXFileReference; lastKnownFileType = sourcecode.swift; path = RequestBuilder.swift; sourceTree = "<group>"; };
		114015A620DBF2C000F66CCC /* PointMap.xcdatamodel */ = {isa = PBXFileReference; lastKnownFileType = wrapper.xcdatamodel; path = PointMap.xcdatamodel; sourceTree = "<group>"; };
		114015A820DC04F000F66CCC /* CoreDataStack.swift */ = {isa = PBXFileReference; lastKnownFileType = sourcecode.swift; path = CoreDataStack.swift; sourceTree = "<group>"; };
		114015AA20DC11BE00F66CCC /* Point.swift */ = {isa = PBXFileReference; lastKnownFileType = sourcecode.swift; path = Point.swift; sourceTree = "<group>"; };
		114015AE20DC32D500F66CCC /* LoadedArea.swift */ = {isa = PBXFileReference; lastKnownFileType = sourcecode.swift; path = LoadedArea.swift; sourceTree = "<group>"; };
		114015B120DC3A9B00F66CCC /* CLLocationCoordinate2D+Serialize.swift */ = {isa = PBXFileReference; lastKnownFileType = sourcecode.swift; path = "CLLocationCoordinate2D+Serialize.swift"; sourceTree = "<group>"; };
		114015B720DC3E1800F66CCC /* AnnotationProvider.swift */ = {isa = PBXFileReference; lastKnownFileType = sourcecode.swift; path = AnnotationProvider.swift; sourceTree = "<group>"; };
		114015B920DC3F3D00F66CCC /* Annotation.swift */ = {isa = PBXFileReference; lastKnownFileType = sourcecode.swift; path = Annotation.swift; sourceTree = "<group>"; };
		114015BD20DC42E000F66CCC /* PointsLoader.swift */ = {isa = PBXFileReference; lastKnownFileType = sourcecode.swift; path = PointsLoader.swift; sourceTree = "<group>"; };
		114015BF20DC435F00F66CCC /* APIRouter.swift */ = {isa = PBXFileReference; lastKnownFileType = sourcecode.swift; path = APIRouter.swift; sourceTree = "<group>"; };
		114015C120DC4DDF00F66CCC /* CacheValidator.swift */ = {isa = PBXFileReference; lastKnownFileType = sourcecode.swift; path = CacheValidator.swift; sourceTree = "<group>"; };
		114015C720DC5E7D00F66CCC /* APIModel.swift */ = {isa = PBXFileReference; lastKnownFileType = sourcecode.swift; path = APIModel.swift; sourceTree = "<group>"; };
		114015C920DC646300F66CCC /* PointsSyncer.swift */ = {isa = PBXFileReference; lastKnownFileType = sourcecode.swift; path = PointsSyncer.swift; sourceTree = "<group>"; };
		114015CE20DC845A00F66CCC /* ImageLoader.swift */ = {isa = PBXFileReference; lastKnownFileType = sourcecode.swift; path = ImageLoader.swift; sourceTree = "<group>"; };
		114015D020DC855E00F66CCC /* ImageRequestBuilder.swift */ = {isa = PBXFileReference; lastKnownFileType = sourcecode.swift; path = ImageRequestBuilder.swift; sourceTree = "<group>"; };
		114015D420DCD28600F66CCC /* readme.md */ = {isa = PBXFileReference; fileEncoding = 4; lastKnownFileType = net.daringfireball.markdown; path = readme.md; sourceTree = "<group>"; };
/* End PBXFileReference section */

/* Begin PBXFrameworksBuildPhase section */
		1140157C20DB9B3800F66CCC /* Frameworks */ = {
			isa = PBXFrameworksBuildPhase;
			buildActionMask = 2147483647;
			files = (
			);
			runOnlyForDeploymentPostprocessing = 0;
		};
/* End PBXFrameworksBuildPhase section */

/* Begin PBXGroup section */
		1140157620DB9B3800F66CCC = {
			isa = PBXGroup;
			children = (
				114015D420DCD28600F66CCC /* readme.md */,
				1140158120DB9B3800F66CCC /* PointMap */,
				1140158020DB9B3800F66CCC /* Products */,
			);
			sourceTree = "<group>";
		};
		1140158020DB9B3800F66CCC /* Products */ = {
			isa = PBXGroup;
			children = (
				1140157F20DB9B3800F66CCC /* PointMap.app */,
			);
			name = Products;
			sourceTree = "<group>";
		};
		1140158120DB9B3800F66CCC /* PointMap */ = {
			isa = PBXGroup;
			children = (
				1140158220DB9B3800F66CCC /* AppDelegate.swift */,
				1140159720DBA03C00F66CCC /* Utility */,
				1140159420DB9B6C00F66CCC /* UI */,
				114015A420DBF1CF00F66CCC /* Networking */,
				114015B020DC336800F66CCC /* Storage */,
				114015CB20DC7CA100F66CCC /* Logic */,
				114015CD20DC7CCE00F66CCC /* API */,
				1140158620DB9B3800F66CCC /* Main.storyboard */,
				1140158920DB9B3900F66CCC /* Assets.xcassets */,
				1140158B20DB9B3900F66CCC /* LaunchScreen.storyboard */,
				1140158E20DB9B3900F66CCC /* Info.plist */,
				1140159520DB9B9300F66CCC /* Storage.swift */,
			);
			path = PointMap;
			sourceTree = "<group>";
		};
		1140159420DB9B6C00F66CCC /* UI */ = {
			isa = PBXGroup;
			children = (
				1140158420DB9B3800F66CCC /* ViewController.swift */,
				114015B720DC3E1800F66CCC /* AnnotationProvider.swift */,
				114015B920DC3F3D00F66CCC /* Annotation.swift */,
			);
			path = UI;
			sourceTree = "<group>";
		};
		1140159720DBA03C00F66CCC /* Utility */ = {
			isa = PBXGroup;
			children = (
				1140159820DBA05B00F66CCC /* Configuration.swift */,
				114015B120DC3A9B00F66CCC /* CLLocationCoordinate2D+Serialize.swift */,
				1140159A20DBA1A600F66CCC /* LocationHelper.swift */,
			);
			path = Utility;
			sourceTree = "<group>";
		};
		114015A420DBF1CF00F66CCC /* Networking */ = {
			isa = PBXGroup;
			children = (
				1140159C20DBAE6C00F66CCC /* NetworkManager.swift */,
				1140159E20DBAEBC00F66CCC /* NetworkResponse.swift */,
				114015A020DBAF0500F66CCC /* NetworkError.swift */,
				114015A220DBAF4300F66CCC /* RequestBuilder.swift */,
			);
			path = Networking;
			sourceTree = "<group>";
		};
		114015B020DC336800F66CCC /* Storage */ = {
			isa = PBXGroup;
			children = (
				114015A520DBF2C000F66CCC /* PointMap.xcdatamodeld */,
				114015A820DC04F000F66CCC /* CoreDataStack.swift */,
				114015AA20DC11BE00F66CCC /* Point.swift */,
				114015AE20DC32D500F66CCC /* LoadedArea.swift */,
			);
			path = Storage;
			sourceTree = "<group>";
		};
		114015CB20DC7CA100F66CCC /* Logic */ = {
			isa = PBXGroup;
			children = (
				114015BD20DC42E000F66CCC /* PointsLoader.swift */,
				114015C120DC4DDF00F66CCC /* CacheValidator.swift */,
				114015C920DC646300F66CCC /* PointsSyncer.swift */,
				114015CE20DC845A00F66CCC /* ImageLoader.swift */,
				114015D020DC855E00F66CCC /* ImageRequestBuilder.swift */,
			);
			path = Logic;
			sourceTree = "<group>";
		};
		114015CD20DC7CCE00F66CCC /* API */ = {
			isa = PBXGroup;
			children = (
				114015BF20DC435F00F66CCC /* APIRouter.swift */,
				114015C720DC5E7D00F66CCC /* APIModel.swift */,
			);
			path = API;
			sourceTree = "<group>";
		};
/* End PBXGroup section */

/* Begin PBXNativeTarget section */
		1140157E20DB9B3800F66CCC /* PointMap */ = {
			isa = PBXNativeTarget;
			buildConfigurationList = 1140159120DB9B3900F66CCC /* Build configuration list for PBXNativeTarget "PointMap" */;
			buildPhases = (
				1140157B20DB9B3800F66CCC /* Sources */,
				1140157C20DB9B3800F66CCC /* Frameworks */,
				1140157D20DB9B3800F66CCC /* Resources */,
			);
			buildRules = (
			);
			dependencies = (
			);
			name = PointMap;
			productName = PointMap;
			productReference = 1140157F20DB9B3800F66CCC /* PointMap.app */;
			productType = "com.apple.product-type.application";
		};
/* End PBXNativeTarget section */

/* Begin PBXProject section */
		1140157720DB9B3800F66CCC /* Project object */ = {
			isa = PBXProject;
			attributes = {
				LastSwiftUpdateCheck = 0930;
				LastUpgradeCheck = 0930;
				ORGANIZATIONNAME = "Vyacheslav Beltyukov";
				TargetAttributes = {
					1140157E20DB9B3800F66CCC = {
						CreatedOnToolsVersion = 9.3;
					};
				};
			};
			buildConfigurationList = 1140157A20DB9B3800F66CCC /* Build configuration list for PBXProject "PointMap" */;
			compatibilityVersion = "Xcode 9.3";
			developmentRegion = en;
			hasScannedForEncodings = 0;
			knownRegions = (
				en,
				Base,
			);
			mainGroup = 1140157620DB9B3800F66CCC;
			productRefGroup = 1140158020DB9B3800F66CCC /* Products */;
			projectDirPath = "";
			projectRoot = "";
			targets = (
				1140157E20DB9B3800F66CCC /* PointMap */,
			);
		};
/* End PBXProject section */

/* Begin PBXResourcesBuildPhase section */
		1140157D20DB9B3800F66CCC /* Resources */ = {
			isa = PBXResourcesBuildPhase;
			buildActionMask = 2147483647;
			files = (
				1140158D20DB9B3900F66CCC /* LaunchScreen.storyboard in Resources */,
				1140158A20DB9B3900F66CCC /* Assets.xcassets in Resources */,
				114015D520DCD28600F66CCC /* readme.md in Resources */,
				1140158820DB9B3800F66CCC /* Main.storyboard in Resources */,
			);
			runOnlyForDeploymentPostprocessing = 0;
		};
/* End PBXResourcesBuildPhase section */

/* Begin PBXSourcesBuildPhase section */
		1140157B20DB9B3800F66CCC /* Sources */ = {
			isa = PBXSourcesBuildPhase;
			buildActionMask = 2147483647;
			files = (
				1140159D20DBAE6C00F66CCC /* NetworkManager.swift in Sources */,
				114015C020DC435F00F66CCC /* APIRouter.swift in Sources */,
				114015A120DBAF0500F66CCC /* NetworkError.swift in Sources */,
				1140158520DB9B3800F66CCC /* ViewController.swift in Sources */,
				114015C820DC5E7D00F66CCC /* APIModel.swift in Sources */,
				114015BE20DC42E000F66CCC /* PointsLoader.swift in Sources */,
				114015A720DBF2C000F66CCC /* PointMap.xcdatamodeld in Sources */,
				114015CA20DC646400F66CCC /* PointsSyncer.swift in Sources */,
				114015A320DBAF4300F66CCC /* RequestBuilder.swift in Sources */,
				114015D120DC855E00F66CCC /* ImageRequestBuilder.swift in Sources */,
				114015C220DC4DDF00F66CCC /* CacheValidator.swift in Sources */,
				1140159F20DBAEBC00F66CCC /* NetworkResponse.swift in Sources */,
				114015A920DC04F000F66CCC /* CoreDataStack.swift in Sources */,
				1140158320DB9B3800F66CCC /* AppDelegate.swift in Sources */,
				114015B820DC3E1800F66CCC /* AnnotationProvider.swift in Sources */,
				114015AB20DC11BE00F66CCC /* Point.swift in Sources */,
				1140159920DBA05B00F66CCC /* Configuration.swift in Sources */,
				114015CF20DC845A00F66CCC /* ImageLoader.swift in Sources */,
				1140159620DB9B9300F66CCC /* Storage.swift in Sources */,
				1140159B20DBA1A600F66CCC /* LocationHelper.swift in Sources */,
				114015B220DC3A9B00F66CCC /* CLLocationCoordinate2D+Serialize.swift in Sources */,
				114015BA20DC3F3D00F66CCC /* Annotation.swift in Sources */,
				114015AF20DC32D600F66CCC /* LoadedArea.swift in Sources */,
			);
			runOnlyForDeploymentPostprocessing = 0;
		};
/* End PBXSourcesBuildPhase section */

/* Begin PBXVariantGroup section */
		1140158620DB9B3800F66CCC /* Main.storyboard */ = {
			isa = PBXVariantGroup;
			children = (
				1140158720DB9B3800F66CCC /* Base */,
			);
			name = Main.storyboard;
			sourceTree = "<group>";
		};
		1140158B20DB9B3900F66CCC /* LaunchScreen.storyboard */ = {
			isa = PBXVariantGroup;
			children = (
				1140158C20DB9B3900F66CCC /* Base */,
			);
			name = LaunchScreen.storyboard;
			sourceTree = "<group>";
		};
/* End PBXVariantGroup section */

/* Begin XCBuildConfiguration section */
		1140158F20DB9B3900F66CCC /* Debug */ = {
			isa = XCBuildConfiguration;
			buildSettings = {
				ALWAYS_SEARCH_USER_PATHS = NO;
				CLANG_ANALYZER_NONNULL = YES;
				CLANG_ANALYZER_NUMBER_OBJECT_CONVERSION = YES_AGGRESSIVE;
				CLANG_CXX_LANGUAGE_STANDARD = "gnu++14";
				CLANG_CXX_LIBRARY = "libc++";
				CLANG_ENABLE_MODULES = YES;
				CLANG_ENABLE_OBJC_ARC = YES;
				CLANG_ENABLE_OBJC_WEAK = YES;
				CLANG_WARN_BLOCK_CAPTURE_AUTORELEASING = YES;
				CLANG_WARN_BOOL_CONVERSION = YES;
				CLANG_WARN_COMMA = YES;
				CLANG_WARN_CONSTANT_CONVERSION = YES;
				CLANG_WARN_DEPRECATED_OBJC_IMPLEMENTATIONS = YES;
				CLANG_WARN_DIRECT_OBJC_ISA_USAGE = YES_ERROR;
				CLANG_WARN_DOCUMENTATION_COMMENTS = YES;
				CLANG_WARN_EMPTY_BODY = YES;
				CLANG_WARN_ENUM_CONVERSION = YES;
				CLANG_WARN_INFINITE_RECURSION = YES;
				CLANG_WARN_INT_CONVERSION = YES;
				CLANG_WARN_NON_LITERAL_NULL_CONVERSION = YES;
				CLANG_WARN_OBJC_IMPLICIT_RETAIN_SELF = YES;
				CLANG_WARN_OBJC_LITERAL_CONVERSION = YES;
				CLANG_WARN_OBJC_ROOT_CLASS = YES_ERROR;
				CLANG_WARN_RANGE_LOOP_ANALYSIS = YES;
				CLANG_WARN_STRICT_PROTOTYPES = YES;
				CLANG_WARN_SUSPICIOUS_MOVE = YES;
				CLANG_WARN_UNGUARDED_AVAILABILITY = YES_AGGRESSIVE;
				CLANG_WARN_UNREACHABLE_CODE = YES;
				CLANG_WARN__DUPLICATE_METHOD_MATCH = YES;
				CODE_SIGN_IDENTITY = "iPhone Developer";
				COPY_PHASE_STRIP = NO;
				DEBUG_INFORMATION_FORMAT = dwarf;
				ENABLE_STRICT_OBJC_MSGSEND = YES;
				ENABLE_TESTABILITY = YES;
				GCC_C_LANGUAGE_STANDARD = gnu11;
				GCC_DYNAMIC_NO_PIC = NO;
				GCC_NO_COMMON_BLOCKS = YES;
				GCC_OPTIMIZATION_LEVEL = 0;
				GCC_PREPROCESSOR_DEFINITIONS = (
					"DEBUG=1",
					"$(inherited)",
				);
				GCC_WARN_64_TO_32_BIT_CONVERSION = YES;
				GCC_WARN_ABOUT_RETURN_TYPE = YES_ERROR;
				GCC_WARN_UNDECLARED_SELECTOR = YES;
				GCC_WARN_UNINITIALIZED_AUTOS = YES_AGGRESSIVE;
				GCC_WARN_UNUSED_FUNCTION = YES;
				GCC_WARN_UNUSED_VARIABLE = YES;
				IPHONEOS_DEPLOYMENT_TARGET = 11.3;
				MTL_ENABLE_DEBUG_INFO = YES;
				ONLY_ACTIVE_ARCH = YES;
				SDKROOT = iphoneos;
				SWIFT_ACTIVE_COMPILATION_CONDITIONS = DEBUG;
				SWIFT_OPTIMIZATION_LEVEL = "-Onone";
			};
			name = Debug;
		};
		1140159020DB9B3900F66CCC /* Release */ = {
			isa = XCBuildConfiguration;
			buildSettings = {
				ALWAYS_SEARCH_USER_PATHS = NO;
				CLANG_ANALYZER_NONNULL = YES;
				CLANG_ANALYZER_NUMBER_OBJECT_CONVERSION = YES_AGGRESSIVE;
				CLANG_CXX_LANGUAGE_STANDARD = "gnu++14";
				CLANG_CXX_LIBRARY = "libc++";
				CLANG_ENABLE_MODULES = YES;
				CLANG_ENABLE_OBJC_ARC = YES;
				CLANG_ENABLE_OBJC_WEAK = YES;
				CLANG_WARN_BLOCK_CAPTURE_AUTORELEASING = YES;
				CLANG_WARN_BOOL_CONVERSION = YES;
				CLANG_WARN_COMMA = YES;
				CLANG_WARN_CONSTANT_CONVERSION = YES;
				CLANG_WARN_DEPRECATED_OBJC_IMPLEMENTATIONS = YES;
				CLANG_WARN_DIRECT_OBJC_ISA_USAGE = YES_ERROR;
				CLANG_WARN_DOCUMENTATION_COMMENTS = YES;
				CLANG_WARN_EMPTY_BODY = YES;
				CLANG_WARN_ENUM_CONVERSION = YES;
				CLANG_WARN_INFINITE_RECURSION = YES;
				CLANG_WARN_INT_CONVERSION = YES;
				CLANG_WARN_NON_LITERAL_NULL_CONVERSION = YES;
				CLANG_WARN_OBJC_IMPLICIT_RETAIN_SELF = YES;
				CLANG_WARN_OBJC_LITERAL_CONVERSION = YES;
				CLANG_WARN_OBJC_ROOT_CLASS = YES_ERROR;
				CLANG_WARN_RANGE_LOOP_ANALYSIS = YES;
				CLANG_WARN_STRICT_PROTOTYPES = YES;
				CLANG_WARN_SUSPICIOUS_MOVE = YES;
				CLANG_WARN_UNGUARDED_AVAILABILITY = YES_AGGRESSIVE;
				CLANG_WARN_UNREACHABLE_CODE = YES;
				CLANG_WARN__DUPLICATE_METHOD_MATCH = YES;
				CODE_SIGN_IDENTITY = "iPhone Developer";
				COPY_PHASE_STRIP = NO;
				DEBUG_INFORMATION_FORMAT = "dwarf-with-dsym";
				ENABLE_NS_ASSERTIONS = NO;
				ENABLE_STRICT_OBJC_MSGSEND = YES;
				GCC_C_LANGUAGE_STANDARD = gnu11;
				GCC_NO_COMMON_BLOCKS = YES;
				GCC_WARN_64_TO_32_BIT_CONVERSION = YES;
				GCC_WARN_ABOUT_RETURN_TYPE = YES_ERROR;
				GCC_WARN_UNDECLARED_SELECTOR = YES;
				GCC_WARN_UNINITIALIZED_AUTOS = YES_AGGRESSIVE;
				GCC_WARN_UNUSED_FUNCTION = YES;
				GCC_WARN_UNUSED_VARIABLE = YES;
				IPHONEOS_DEPLOYMENT_TARGET = 11.3;
				MTL_ENABLE_DEBUG_INFO = NO;
				SDKROOT = iphoneos;
				SWIFT_COMPILATION_MODE = wholemodule;
				SWIFT_OPTIMIZATION_LEVEL = "-O";
				VALIDATE_PRODUCT = YES;
			};
			name = Release;
		};
		1140159220DB9B3900F66CCC /* Debug */ = {
			isa = XCBuildConfiguration;
			buildSettings = {
				ASSETCATALOG_COMPILER_APPICON_NAME = AppIcon;
				CODE_SIGN_STYLE = Automatic;
				DEVELOPMENT_TEAM = 3NRJ5W5TPS;
				INFOPLIST_FILE = PointMap/Info.plist;
				IPHONEOS_DEPLOYMENT_TARGET = 10.0;
				LD_RUNPATH_SEARCH_PATHS = (
					"$(inherited)",
					"@executable_path/Frameworks",
				);
				PRODUCT_BUNDLE_IDENTIFIER = mobi.beltyukov.PointMap;
				PRODUCT_NAME = "$(TARGET_NAME)";
				SWIFT_VERSION = 4.0;
				TARGETED_DEVICE_FAMILY = "1,2";
			};
			name = Debug;
		};
		1140159320DB9B3900F66CCC /* Release */ = {
			isa = XCBuildConfiguration;
			buildSettings = {
				ASSETCATALOG_COMPILER_APPICON_NAME = AppIcon;
				CODE_SIGN_STYLE = Automatic;
				DEVELOPMENT_TEAM = 3NRJ5W5TPS;
				INFOPLIST_FILE = PointMap/Info.plist;
				IPHONEOS_DEPLOYMENT_TARGET = 10.0;
				LD_RUNPATH_SEARCH_PATHS = (
					"$(inherited)",
					"@executable_path/Frameworks",
				);
				PRODUCT_BUNDLE_IDENTIFIER = mobi.beltyukov.PointMap;
				PRODUCT_NAME = "$(TARGET_NAME)";
				SWIFT_VERSION = 4.0;
				TARGETED_DEVICE_FAMILY = "1,2";
			};
			name = Release;
		};
/* End XCBuildConfiguration section */

/* Begin XCConfigurationList section */
		1140157A20DB9B3800F66CCC /* Build configuration list for PBXProject "PointMap" */ = {
			isa = XCConfigurationList;
			buildConfigurations = (
				1140158F20DB9B3900F66CCC /* Debug */,
				1140159020DB9B3900F66CCC /* Release */,
			);
			defaultConfigurationIsVisible = 0;
			defaultConfigurationName = Release;
		};
		1140159120DB9B3900F66CCC /* Build configuration list for PBXNativeTarget "PointMap" */ = {
			isa = XCConfigurationList;
			buildConfigurations = (
				1140159220DB9B3900F66CCC /* Debug */,
				1140159320DB9B3900F66CCC /* Release */,
			);
			defaultConfigurationIsVisible = 0;
			defaultConfigurationName = Release;
		};
/* End XCConfigurationList section */

/* Begin XCVersionGroup section */
		114015A520DBF2C000F66CCC /* PointMap.xcdatamodeld */ = {
			isa = XCVersionGroup;
			children = (
				114015A620DBF2C000F66CCC /* PointMap.xcdatamodel */,
			);
			currentVersion = 114015A620DBF2C000F66CCC /* PointMap.xcdatamodel */;
			path = PointMap.xcdatamodeld;
			sourceTree = "<group>";
			versionGroupType = wrapper.xcdatamodel;
		};
/* End XCVersionGroup section */
	};
	rootObject = 1140157720DB9B3800F66CCC /* Project object */;
}
